%{
  "bimap": {:hex, :bimap, "1.3.0", "3ea4832e58dc83a9b5b407c6731e7bae87458aa618e6d11d8e12114a17afa4b3", [:mix], [], "hexpm", "bf5a2b078528465aa705f405a5c638becd63e41d280ada41e0f77e6d255a10b4"},
  "bunch": {:hex, :bunch, "1.6.4", "b23ecefdcbc1d8b9723044055daa2ad8573a0ebe6ef35c0ac4f3bad243273ba3", [:mix], [], "hexpm", "cacbe7437dd5299c9e665011d32127e0ce92b26ab4b9f64ebd2389f57cc7c141"},
  "bunch_native": {:hex, :bunch_native, "0.5.2", "706723acd1644fb6f8e7c8f3864172a7eee7664250e790696253825e3b65e18a", [:mix], [{:bundlex, "~> 1.0", [hex: :bundlex, repo: "hexpm", optional: false]}], "hexpm", "23f9e036c34510d8ace14fc47553fd7672e2330e769ab84fe4b54fac80095a4b"},
  "bundlex": {:hex, :bundlex, "1.5.8", "059377483cdefc44aae99b98b46e8356dc2f5a70420565ea1397976caac7eba0", [:mix], [{:bunch, "~> 1.0", [hex: :bunch, repo: "hexpm", optional: false]}, {:elixir_uuid, "~> 1.2", [hex: :elixir_uuid, repo: "hexpm", optional: false]}, {:jason, "~> 1.4", [hex: :jason, repo: "hexpm", optional: false]}, {:qex, "~> 0.5", [hex: :qex, repo: "hexpm", optional: false]}, {:req, ">= 0.4.0", [hex: :req, repo: "hexpm", optional: false]}, {:zarex, "~> 1.0", [hex: :zarex, repo: "hexpm", optional: false]}], "hexpm", "210b9e8adc3cfd7a89dc1ac8ffb708ce3c8729324a1c4e3d7e22a5d9b0cc7391"},
  "bunt": {:hex, :bunt, "1.0.0", "081c2c665f086849e6d57900292b3a161727ab40431219529f13c4ddcf3e7a44", [:mix], [], "hexpm", "dc5f86aa08a5f6fa6b8096f0735c4e76d54ae5c9fa2c143e5a1fc7c1cd9bb6b5"},
  "coerce": {:hex, :coerce, "1.0.2", "5ef791040c92baaa5dd344887563faaeac6e6742573a167493294f8af3672bbe", [:mix], [], "hexpm", "0b3451c729571234fdac478636c298e71d1f2ce1243abed5fa43fa3181b980eb"},
  "credo": {:hex, :credo, "1.7.19", "cc52129665fc7c15143d47838fda0f9cd6dac9ceced7bf4da6f85fcbfe64b12a", [:mix], [{:bunt, "~> 0.2.1 or ~> 1.0", [hex: :bunt, repo: "hexpm", optional: false]}, {:file_system, "~> 0.2 or ~> 1.0", [hex: :file_system, repo: "hexpm", optional: false]}, {:jason, "~> 1.0", [hex: :jason, repo: "hexpm", optional: false]}], "hexpm", "2d8bc95d5a7bb99dd2613621d4f08c6a3575c3fd4b62e6a2b48a100352a557b8"},
  "dialyxir": {:hex, :dialyxir, "1.4.7", "dda948fcee52962e4b6c5b4b16b2d8fa7d50d8645bbae8b8685c3f9ecb7f5f4d", [:mix], [{:erlex, ">= 0.2.8", [hex: :erlex, repo: "hexpm", optional: false]}], "hexpm", "b34527202e6eb8cee198efec110996c25c5898f43a4094df157f8d28f27d9efe"},
  "earmark_parser": {:hex, :earmark_parser, "1.4.45", "cba8369ab2a1342e419bc2760eec731b17be828941dcf494045d44766227e1d5", [:mix], [], "hexpm", "d3ec045bf122965db20c0bdb420e19ee1415843135327124918473feb4b328e8"},
  "elixir_uuid": {:hex, :elixir_uuid, "1.2.1", "dce506597acb7e6b0daeaff52ff6a9043f5919a4c3315abb4143f0b00378c097", [:mix], [], "hexpm", "f7eba2ea6c3555cea09706492716b0d87397b88946e6380898c2889d68585752"},
  "erlex": {:hex, :erlex, "0.2.9", "7debbbaa9f4f368b8cd648983e0f1d7963028508e9c59e9d4ed504e94ef52a55", [:mix], [], "hexpm", "8cfffc0ec7159e6d73de2ab28a588064de80f88b2798d5cbe4482cbbc200178b"},
  "ex_doc": {:hex, :ex_doc, "0.40.3", "4a972ffe64bc07dc605af487e98fc19b72a4185f55ca031b94c0552d6071c1d9", [:mix], [{:earmark_parser, "~> 1.4.44", [hex: :earmark_parser, repo: "hexpm", optional: false]}, {:makeup_c, ">= 0.1.0", [hex: :makeup_c, repo: "hexpm", optional: true]}, {:makeup_elixir, "~> 0.14 or ~> 1.0", [hex: :makeup_elixir, repo: "hexpm", optional: false]}, {:makeup_erlang, "~> 0.1 or ~> 1.0", [hex: :makeup_erlang, repo: "hexpm", optional: false]}, {:makeup_html, ">= 0.1.0", [hex: :makeup_html, repo: "hexpm", optional: true]}], "hexpm", "2756e357742fecd9749b489b85d67c9ce99c465f2e75728d9e6dc8d704b973de"},
  "file_system": {:hex, :file_system, "1.1.1", "31864f4685b0148f25bd3fbef2b1228457c0c89024ad67f7a81a3ffbc0bbad3a", [:mix], [], "hexpm", "7a15ff97dfe526aeefb090a7a9d3d03aa907e100e262a0f8f7746b78f8f87a5d"},
  "finch": {:hex, :finch, "0.23.0", "e3f9287ac25a8832f848b144c2b57346aac65b205e2e0629a52adfe6507fd837", [:mix], [{:mime, "~> 1.0 or ~> 2.0", [hex: :mime, repo: "hexpm", optional: false]}, {:mint, "~> 1.8", [hex: :mint, repo: "hexpm", optional: false]}, {:nimble_options, "~> 0.4 or ~> 1.0", [hex: :nimble_options, repo: "hexpm", optional: false]}, {:nimble_pool, "~> 1.1", [hex: :nimble_pool, repo: "hexpm", optional: false]}, {:telemetry, "~> 0.4 or ~> 1.0", [hex: :telemetry, repo: "hexpm", optional: false]}], "hexpm", "80e58d3f936f57e3fdf404f83a3642897ae6d9fb642934e46da4d8fe761b99d5"},
  "heap": {:hex, :heap, "2.0.2", "d98cb178286cfeb5edbcf17785e2d20af73ca57b5a2cf4af584118afbcf917eb", [:mix], [], "hexpm", "ba9ea2fe99eb4bcbd9a8a28eaf71cbcac449ca1d8e71731596aace9028c9d429"},
  "hpax": {:hex, :hpax, "1.0.4", "777de5d433b0fbdc7c418159c8055910faa8047ffdb3d6b31098d2a46cd7685c", [:mix], [], "hexpm", "afc7cb142ebcc2d01ce7816190b98ce5dd49e799111b24249f3443d730f377ca"},
  "jason": {:hex, :jason, "1.4.5", "2e3a008590b0b8d7388c20293e9dcc9cf3e5d642fd2a114e4cbbb52e595d940a", [:mix], [{:decimal, "~> 1.0 or ~> 2.0 or ~> 3.0", [hex: :decimal, repo: "hexpm", optional: true]}], "hexpm", "b0c823996102bcd0239b3c2444eb00409b72f6a140c1950bc8b457d836b30684"},
  "logger_backends": {:hex, :logger_backends, "1.0.1", "08a9bd09eed271eac41ff35dd7603b6abf9e0f8b6ffe40359846cb0bfd37704f", [:mix], [], "hexpm", "d7903244fe8d84eeb3d3d42f8d7de080fd0409b613040df54c78b3591672d652"},
  "makeup": {:hex, :makeup, "1.2.2", "882d46dc0905e9ff7abf2aab61a7e6b3dcc555533977d8a23b06019e6c89ac94", [:mix], [{:nimble_parsec, "~> 1.4", [hex: :nimble_parsec, repo: "hexpm", optional: false]}], "hexpm", "9a1a24e5b343b8ae16abea0822c10a6f75da27af7fa802ada5251f7579bfccfa"},
  "makeup_elixir": {:hex, :makeup_elixir, "1.0.1", "e928a4f984e795e41e3abd27bfc09f51db16ab8ba1aebdba2b3a575437efafc2", [:mix], [{:makeup, "~> 1.0", [hex: :makeup, repo: "hexpm", optional: false]}, {:nimble_parsec, "~> 1.2.3 or ~> 1.3", [hex: :nimble_parsec, repo: "hexpm", optional: false]}], "hexpm", "7284900d412a3e5cfd97fdaed4f5ed389b8f2b4cb49efc0eb3bd10e2febf9507"},
  "makeup_erlang": {:hex, :makeup_erlang, "1.1.0", "835f7e60792e08824cda445639555d7bf1bbbddb1b60b306e33cb6f6db24dc74", [:mix], [{:makeup, "~> 1.0", [hex: :makeup, repo: "hexpm", optional: false]}], "hexpm", "1cd6780fb1dd1a03979abaed0fe82712b0625118fd5257d3ebbf73f960c73c3c"},
  "membrane_aac_fdk_plugin": {:hex, :membrane_aac_fdk_plugin, "0.18.15", "d5e965ba0bbb13a2d0c29fa14912d239ce4e6ada6fa2012e78fe87e7a3f5ccbd", [:mix], [{:bunch, "~> 1.4", [hex: :bunch, repo: "hexpm", optional: false]}, {:bundlex, "~> 1.3", [hex: :bundlex, repo: "hexpm", optional: false]}, {:membrane_aac_format, "~> 0.8.0", [hex: :membrane_aac_format, repo: "hexpm", optional: false]}, {:membrane_common_c, "~> 0.16.0", [hex: :membrane_common_c, repo: "hexpm", optional: false]}, {:membrane_core, "~> 1.0", [hex: :membrane_core, repo: "hexpm", optional: false]}, {:membrane_precompiled_dependency_provider, "~> 0.2.0", [hex: :membrane_precompiled_dependency_provider, repo: "hexpm", optional: false]}, {:membrane_raw_audio_format, "~> 0.12.0", [hex: :membrane_raw_audio_format, repo: "hexpm", optional: false]}, {:unifex, "~> 1.1", [hex: :unifex, repo: "hexpm", optional: false]}], "hexpm", "be592473d8786eaf25661ed116728b422c7fa16ebe7b98e45544ead28fce8178"},
  "membrane_aac_format": {:hex, :membrane_aac_format, "0.8.1", "1084337ac856fb59ef484f8e52a286d036142c1d025728bb47a6dfc868b91ddc", [:mix], [{:bimap, "~> 1.1", [hex: :bimap, repo: "hexpm", optional: false]}], "hexpm", "7e8fbaae4895947394bfafaa4ec823d7eea035a3ccfbfe57a534b2872bf92862"},
  "membrane_aac_plugin": {:hex, :membrane_aac_plugin, "0.19.4", "e1a51309e56736b052380235d829b6d0433a2cd11711b71c1b6208c063326516", [:mix], [{:bunch, "~> 1.0", [hex: :bunch, repo: "hexpm", optional: false]}, {:membrane_aac_format, "~> 0.8.0", [hex: :membrane_aac_format, repo: "hexpm", optional: false]}, {:membrane_core, "~> 1.0", [hex: :membrane_core, repo: "hexpm", optional: false]}], "hexpm", "8b1785acfae43d9de68e58f5e4cea69b99ff1bcda6809dd78248dcd85e82e96a"},
  "membrane_common_c": {:hex, :membrane_common_c, "0.16.2", "76272743921844cfcad9e97aec6ae00e349c679919e87ff8ea2131939b4838e4", [:mix], [{:membrane_core, "~> 1.0", [hex: :membrane_core, repo: "hexpm", optional: false]}, {:shmex, "~> 0.5.0", [hex: :shmex, repo: "hexpm", optional: false]}, {:unifex, "~> 1.0", [hex: :unifex, repo: "hexpm", optional: false]}], "hexpm", "8416f95bdaeb147072be48418bbccab60e7f58bdbe24927be3a6903d96fea8be"},
  "membrane_core": {:hex, :membrane_core, "1.3.4", "c79944e8a98a965dcb83c1a452d47adb73436f07a9d3cdb21963a8f74cc2c435", [:mix], [{:bunch, "~> 1.6", [hex: :bunch, repo: "hexpm", optional: false]}, {:qex, "~> 0.3", [hex: :qex, repo: "hexpm", optional: false]}, {:ratio, "~> 3.0 or ~> 4.0", [hex: :ratio, repo: "hexpm", optional: false]}, {:telemetry, "~> 1.0", [hex: :telemetry, repo: "hexpm", optional: false]}], "hexpm", "610e98a5e98834c99171ce78715953919c3014430d0ec8610a166fa58c25f872"},
  "membrane_ffmpeg_swresample_plugin": {:hex, :membrane_ffmpeg_swresample_plugin, "0.21.0", "30f9dc3b6bee6d62f3d7d85603ad3f18ca14ea52adfad88771b009a645a10eea", [:mix], [{:bunch, "~> 1.6", [hex: :bunch, repo: "hexpm", optional: false]}, {:bundlex, "~> 1.2", [hex: :bundlex, repo: "hexpm", optional: false]}, {:membrane_common_c, "~> 0.16.0", [hex: :membrane_common_c, repo: "hexpm", optional: false]}, {:membrane_core, "~> 1.0", [hex: :membrane_core, repo: "hexpm", optional: false]}, {:membrane_precompiled_dependency_provider, "~> 0.2.1", [hex: :membrane_precompiled_dependency_provider, repo: "hexpm", optional: false]}, {:membrane_raw_audio_format, "~> 0.12.0", [hex: :membrane_raw_audio_format, repo: "hexpm", optional: false]}, {:mockery, "~> 2.1", [hex: :mockery, repo: "hexpm", optional: false]}, {:unifex, "~> 1.1", [hex: :unifex, repo: "hexpm", optional: false]}], "hexpm", "255177b22e39c7d20f1acceef8dda9fe7fd9094c5d906ffb0be4d6017f953501"},
  "membrane_ffmpeg_swscale_plugin": {:hex, :membrane_ffmpeg_swscale_plugin, "0.16.4", "5660688df615830fab814b7c53556305b8aa6600ecef79a0401cbfe48efbc96b", [:mix], [{:bundlex, "~> 1.2", [hex: :bundlex, repo: "hexpm", optional: false]}, {:membrane_common_c, "~> 0.16.0", [hex: :membrane_common_c, repo: "hexpm", optional: false]}, {:membrane_core, "~> 1.1", [hex: :membrane_core, repo: "hexpm", optional: false]}, {:membrane_precompiled_dependency_provider, "~> 0.2.1", [hex: :membrane_precompiled_dependency_provider, repo: "hexpm", optional: false]}, {:membrane_raw_video_format, "~> 0.4.1", [hex: :membrane_raw_video_format, repo: "hexpm", optional: false]}], "hexpm", "c5dbdce567da2354aa4f00e3479c56667fa2e6f39d3b7e7152c0e196db7a0beb"},
  "membrane_file_plugin": {:hex, :membrane_file_plugin, "0.17.4", "daee28c7bd5a83848368e954a258c21f02c79883dbdb51fdf1a3338031f7e95c", [:mix], [{:logger_backends, "~> 1.0", [hex: :logger_backends, repo: "hexpm", optional: false]}, {:membrane_core, "~> 1.0", [hex: :membrane_core, repo: "hexpm", optional: false]}], "hexpm", "10608eb622c8fc456d480bb97041f4ca8f89374f31daa5ccd52890ef8d65a287"},
  "membrane_funnel_plugin": {:hex, :membrane_funnel_plugin, "0.9.2", "2b2e840dbb232ce29aaff2d55bd329d9978766518dbeb6e8dba7aba7115fadcc", [:mix], [{:membrane_core, "~> 1.0", [hex: :membrane_core, repo: "hexpm", optional: false]}], "hexpm", "865ac9d84f86698e2cfeb7904d3b12ab74855a38ca651a880db1505965fa77cc"},
  "membrane_gpu_video_plugin": {:hex, :membrane_gpu_video_plugin, "0.2.3", "10577a4768961387e544aae7738b2c5179911d3b7f46ccd761a03ca81103de1a", [:mix], [{:membrane_core, "~> 1.0", [hex: :membrane_core, repo: "hexpm", optional: false]}, {:membrane_h264_format, "~> 0.6.1", [hex: :membrane_h264_format, repo: "hexpm", optional: false]}, {:membrane_raw_video_format, "~> 0.4.2", [hex: :membrane_raw_video_format, repo: "hexpm", optional: false]}, {:rustler, "~> 0.38.0", [hex: :rustler, repo: "hexpm", optional: false]}], "hexpm", "496d43f52ce0e34e688e35d00ac1d1464d20b8a816f427a792c10cd7440f05ae"},
  "membrane_h264_ffmpeg_plugin": {:hex, :membrane_h264_ffmpeg_plugin, "0.32.7", "643783cd4b0cb227ec39be0e7ffadf5b19e75afe675892ad832bb4d6c55057ec", [:mix], [{:bunch, "~> 1.6", [hex: :bunch, repo: "hexpm", optional: false]}, {:bundlex, "~> 1.3", [hex: :bundlex, repo: "hexpm", optional: false]}, {:membrane_common_c, "~> 0.16.0", [hex: :membrane_common_c, repo: "hexpm", optional: false]}, {:membrane_core, "~> 1.0", [hex: :membrane_core, repo: "hexpm", optional: false]}, {:membrane_h264_format, "~> 0.6.1", [hex: :membrane_h264_format, repo: "hexpm", optional: false]}, {:membrane_precompiled_dependency_provider, "~> 0.2.1", [hex: :membrane_precompiled_dependency_provider, repo: "hexpm", optional: false]}, {:membrane_raw_video_format, "~> 0.4.1", [hex: :membrane_raw_video_format, repo: "hexpm", optional: false]}, {:unifex, "~> 1.1", [hex: :unifex, repo: "hexpm", optional: false]}], "hexpm", "29e1089c9ea740672a27af94608f00d648fe6d9201b94f9e68e10f46db51b5c8"},
  "membrane_h264_format": {:hex, :membrane_h264_format, "0.6.1", "44836cd9de0abe989b146df1e114507787efc0cf0da2368f17a10c47b4e0738c", [:mix], [], "hexpm", "4b79be56465a876d2eac2c3af99e115374bbdc03eb1dea4f696ee9a8033cd4b0"},
  "membrane_h265_ffmpeg_plugin": {:hex, :membrane_h265_ffmpeg_plugin, "0.4.3", "7decdf3e97052946b2a972da68628f7e1b309f027221553d21b7fbec84f2784b", [:mix], [{:bunch, "~> 1.6", [hex: :bunch, repo: "hexpm", optional: false]}, {:bundlex, "~> 1.3", [hex: :bundlex, repo: "hexpm", optional: false]}, {:membrane_core, "~> 1.1", [hex: :membrane_core, repo: "hexpm", optional: false]}, {:membrane_h265_format, "~> 0.2.0", [hex: :membrane_h265_format, repo: "hexpm", optional: false]}, {:membrane_precompiled_dependency_provider, "~> 0.2.1", [hex: :membrane_precompiled_dependency_provider, repo: "hexpm", optional: false]}, {:membrane_raw_video_format, "~> 0.4.1", [hex: :membrane_raw_video_format, repo: "hexpm", optional: false]}, {:unifex, "~> 1.1", [hex: :unifex, repo: "hexpm", optional: false]}], "hexpm", "24dc587731e7b5bc4b35da1b85e849476eff6a9a7b934ff0b2b5efae037b8589"},
  "membrane_h265_format": {:hex, :membrane_h265_format, "0.2.0", "1903c072cf7b0980c4d0c117ab61a2cd33e88782b696290de29570a7fab34819", [:mix], [], "hexpm", "6df418bdf242c0d9f7dbf2e5aea4c2d182e34ac9ad5a8b8cef2610c290002e83"},
  "membrane_h26x_plugin": {:hex, :membrane_h26x_plugin, "0.10.8", "7b4f5824dc0c20d74b86ca74f6b4b952028fe69a7b4e506962c998c2c18c57b3", [:mix], [{:bunch, "~> 1.4", [hex: :bunch, repo: "hexpm", optional: false]}, {:membrane_core, "~> 1.0", [hex: :membrane_core, repo: "hexpm", optional: false]}, {:membrane_h264_format, "~> 0.6.0", [hex: :membrane_h264_format, repo: "hexpm", optional: false]}, {:membrane_h265_format, "~> 0.2.0", [hex: :membrane_h265_format, repo: "hexpm", optional: false]}], "hexpm", "19a88fc06c275fff830fcc4552eec88f4df94e2d799f5bfe6ab93cae3c0d519a"},
  "membrane_ivf_plugin": {:hex, :membrane_ivf_plugin, "0.8.0", "0495a4fd34a1b9841d288b3a078d2b09c48020294a6452ce08e8954711648ac8", [:mix], [{:membrane_core, "~> 1.0", [hex: :membrane_core, repo: "hexpm", optional: false]}, {:membrane_file_plugin, "~> 0.17.0", [hex: :membrane_file_plugin, repo: "hexpm", optional: false]}, {:membrane_vp8_format, "~> 0.5.0", [hex: :membrane_vp8_format, repo: "hexpm", optional: false]}, {:membrane_vp9_format, "~> 0.5.0", [hex: :membrane_vp9_format, repo: "hexpm", optional: false]}], "hexpm", "b17805a451f1066dab68c19577efad7819200c20970e3ba5f7d6fbbc751240e9"},
  "membrane_mp3_lame_plugin": {:hex, :membrane_mp3_lame_plugin, "0.18.7", "285e636019161b08f36273c97480829a673095048a51232c5fb09d14bca1d246", [:mix], [{:bunch, "~> 1.0", [hex: :bunch, repo: "hexpm", optional: false]}, {:bundlex, "~> 1.2", [hex: :bundlex, repo: "hexpm", optional: false]}, {:membrane_common_c, "~> 0.16.0", [hex: :membrane_common_c, repo: "hexpm", optional: false]}, {:membrane_core, "~> 1.0", [hex: :membrane_core, repo: "hexpm", optional: false]}, {:membrane_mpegaudio_format, "~> 0.3.0", [hex: :membrane_mpegaudio_format, repo: "hexpm", optional: false]}, {:membrane_precompiled_dependency_provider, "~> 0.2.1", [hex: :membrane_precompiled_dependency_provider, repo: "hexpm", optional: false]}, {:membrane_raw_audio_format, "~> 0.12.0", [hex: :membrane_raw_audio_format, repo: "hexpm", optional: false]}], "hexpm", "1b4bbd58e5cb0e6e5d743dea79c626a8ca3a7fb32517ae237c4c003077105c14"},
  "membrane_mp3_mad_plugin": {:hex, :membrane_mp3_mad_plugin, "0.18.7", "286b2b8eb240c7b440e93541be6a5d10bd6a5d94cb9481825d2a68bea37eeba0", [:mix], [{:bundlex, "~> 1.3", [hex: :bundlex, repo: "hexpm", optional: false]}, {:membrane_common_c, "~> 0.16.0", [hex: :membrane_common_c, repo: "hexpm", optional: false]}, {:membrane_core, "~> 1.0", [hex: :membrane_core, repo: "hexpm", optional: false]}, {:membrane_mpegaudio_format, "~> 0.3.0", [hex: :membrane_mpegaudio_format, repo: "hexpm", optional: false]}, {:membrane_precompiled_dependency_provider, "~> 0.2.1", [hex: :membrane_precompiled_dependency_provider, repo: "hexpm", optional: false]}, {:membrane_raw_audio_format, "~> 0.12.0", [hex: :membrane_raw_audio_format, repo: "hexpm", optional: false]}, {:unifex, "~> 1.1", [hex: :unifex, repo: "hexpm", optional: false]}], "hexpm", "e6a3ebfab77adf5b5f0f33647ea4c58c63e245b5559eda27491b80ab39ab6b5e"},
  "membrane_mpegaudio_format": {:hex, :membrane_mpegaudio_format, "0.3.2", "43fbdbb82cf48ea2d509f99e5f0ee17b1755279ac6bc5e984c00a08dc8924fae", [:mix], [], "hexpm", "4ce6fa36b8a8e3a889fd44bc0cfa054ecdc961a7303128e69ac9f2554de3ac11"},
  "membrane_opus_format": {:hex, :membrane_opus_format, "0.3.2", "7751374d26f5d94fe0aaf33cfc121618d1e156eb6c9eaef6c8bd23825179b123", [:mix], [], "hexpm", "5e12deaeca6502b82a6d0b56ae54fa128d27e11b5b573d08d39a55724c62a9bf"},
  "membrane_opus_plugin": {:hex, :membrane_opus_plugin, "0.20.8", "e4fc0676da64f62ef24200d97b27a6d8e234fadb10298a1d50cc99eaee976820", [:mix], [{:bunch, "~> 1.3", [hex: :bunch, repo: "hexpm", optional: false]}, {:bundlex, "~> 1.2", [hex: :bundlex, repo: "hexpm", optional: false]}, {:membrane_common_c, "~> 0.16.0", [hex: :membrane_common_c, repo: "hexpm", optional: false]}, {:membrane_core, "~> 1.0", [hex: :membrane_core, repo: "hexpm", optional: false]}, {:membrane_opus_format, "~> 0.3.0", [hex: :membrane_opus_format, repo: "hexpm", optional: false]}, {:membrane_precompiled_dependency_provider, "~> 0.2.0", [hex: :membrane_precompiled_dependency_provider, repo: "hexpm", optional: false]}, {:membrane_raw_audio_format, "~> 0.12.0", [hex: :membrane_raw_audio_format, repo: "hexpm", optional: false]}, {:unifex, "~> 1.0", [hex: :unifex, repo: "hexpm", optional: false]}], "hexpm", "ed16aee3890793bac2ee2059bd87cf5fb823a005f5fe1e9549bc00e535b7726a"},
  "membrane_precompiled_dependency_provider": {:hex, :membrane_precompiled_dependency_provider, "0.2.3", "f34abc38dfad37084c92b033969d217c5c8986054c1f211ad028e50d68569363", [:mix], [{:bundlex, "~> 1.4", [hex: :bundlex, repo: "hexpm", optional: false]}], "hexpm", "9210a4676a56e9db2a6f7323fa24be69ca58bc2ae3e13da04cf9d32f1e3f6554"},
  "membrane_raw_audio_format": {:hex, :membrane_raw_audio_format, "0.12.3", "fbbc35e78a39eafdd59d04d931f3490f3104019dc3f3ea20baebbb758b858b44", [:mix], [{:bimap, "~> 1.1", [hex: :bimap, repo: "hexpm", optional: false]}, {:bunch, "~> 1.0", [hex: :bunch, repo: "hexpm", optional: false]}, {:membrane_core, "~> 1.0", [hex: :membrane_core, repo: "hexpm", optional: false]}], "hexpm", "8e50520ce2ab0405a3a0b2d78a001223bb2d76014aaa4c59398cc21d4187fe26"},
  "membrane_raw_audio_parser_plugin": {:hex, :membrane_raw_audio_parser_plugin, "0.4.2", "5e877ccb3c768bc90afc7b896e3407a9c7d70459e33933fc0f36d035c60587af", [:mix], [{:membrane_core, "~> 1.0", [hex: :membrane_core, repo: "hexpm", optional: false]}, {:membrane_raw_audio_format, "~> 0.12.0", [hex: :membrane_raw_audio_format, repo: "hexpm", optional: false]}], "hexpm", "8ee14272d0c368f6b6bac33ea3a7654b400ec6303f0ca7868a5bf4026c88e9a5"},
  "membrane_raw_video_format": {:hex, :membrane_raw_video_format, "0.4.5", "b06f509e9f40e05c81e4246461f704e169a592f2379f52fbd7f953e13e139d24", [:mix], [{:image, ">= 0.54.0", [hex: :image, repo: "hexpm", optional: true]}, {:plug, "~> 1.15", [hex: :plug, repo: "hexpm", optional: true]}], "hexpm", "c4f62b148ecc1643ac2e77e1fda8ee5bd9b595b4047941b02c514a5f310971f2"},
  "membrane_tee_plugin": {:hex, :membrane_tee_plugin, "0.12.0", "f94989b4080ef4b7937d74c1a14d3379577c7bd4c6d06e5a2bb41c351ad604d4", [:mix], [{:bunch, "~> 1.0", [hex: :bunch, repo: "hexpm", optional: false]}, {:membrane_core, "~> 1.0", [hex: :membrane_core, repo: "hexpm", optional: false]}], "hexpm", "0d61c9ed5e68e5a75d54200e1c6df5739c0bcb52fee0974183ad72446a179887"},
  "membrane_timestamp_queue": {:hex, :membrane_timestamp_queue, "0.2.3", "aa0fd07550bed4d4dc0d0a70ee5525532a9e5f55d2532cfe4be972c605eec203", [:mix], [{:heap, "~> 2.0", [hex: :heap, repo: "hexpm", optional: false]}, {:membrane_core, "~> 1.0", [hex: :membrane_core, repo: "hexpm", optional: false]}], "hexpm", "0600814cbad3b4df80633418abc9b79f171ec7c152282d9735e27772caf54f11"},
  "membrane_vp8_format": {:hex, :membrane_vp8_format, "0.5.1", "82f0b28f936f8c6e719f4c93161f6c028dd5b1352105feb65e1124c36a687376", [:mix], [], "hexpm", "07d8d674878ff8e0146f1b513d2a5f071f9a747504bcdfb2f790eda85def4db2"},
  "membrane_vp9_format": {:hex, :membrane_vp9_format, "0.5.1", "575693fad234794e897848aaa2b28203e157c91b096b9e1304f9e87bc0789372", [:mix], [], "hexpm", "7857f28716cb48adea6dc27f531a0343db03d0708f8bda7555a8fa0437a8297a"},
  "membrane_vpx_plugin": {:hex, :membrane_vpx_plugin, "0.4.4", "825b286f521ab289b245e111f32c439383093ae84b8f04823689057ad0468e32", [:mix], [{:membrane_core, "~> 1.0", [hex: :membrane_core, repo: "hexpm", optional: false]}, {:membrane_precompiled_dependency_provider, "~> 0.2.1", [hex: :membrane_precompiled_dependency_provider, repo: "hexpm", optional: false]}, {:membrane_raw_video_format, "~> 0.4.0", [hex: :membrane_raw_video_format, repo: "hexpm", optional: false]}, {:membrane_vp8_format, "~> 0.5.0", [hex: :membrane_vp8_format, repo: "hexpm", optional: false]}, {:membrane_vp9_format, "~> 0.5.0", [hex: :membrane_vp9_format, repo: "hexpm", optional: false]}, {:unifex, "~> 1.2", [hex: :unifex, repo: "hexpm", optional: false]}], "hexpm", "c2e177fa97289e1e6e258d09769e6112ea07e1e986624925a0cd50956d18c2b8"},
  "mime": {:hex, :mime, "2.0.7", "b8d739037be7cd402aee1ba0306edfdef982687ee7e9859bee6198c1e7e2f128", [:mix], [], "hexpm", "6171188e399ee16023ffc5b76ce445eb6d9672e2e241d2df6050f3c771e80ccd"},
  "mint": {:hex, :mint, "1.9.3", "3337184d69179695c7a9f1714d92c11e629d36c8c037a21cf490131d3d150554", [:mix], [{:castore, "~> 0.1.0 or ~> 1.0", [hex: :castore, repo: "hexpm", optional: true]}, {:hpax, "~> 0.1.1 or ~> 0.2.0 or ~> 1.0", [hex: :hpax, repo: "hexpm", optional: false]}], "hexpm", "5f7c9342480c069dbbc4eeac3490303c9e01870ff01a7f1d29b6107054fc1e74"},
  "mockery": {:hex, :mockery, "2.5.0", "a87acd74fd733aa3b9cb5663d6f690178b056608f2652f18e4ec423ddd5496ed", [:mix], [], "hexpm", "52492b2eba61055df1c626e894663b624b5e6fdfaaaba1d9a8596236fbf4da69"},
  "nimble_options": {:hex, :nimble_options, "1.1.1", "e3a492d54d85fc3fd7c5baf411d9d2852922f66e69476317787a7b2bb000a61b", [:mix], [], "hexpm", "821b2470ca9442c4b6984882fe9bb0389371b8ddec4d45a9504f00a66f650b44"},
  "nimble_parsec": {:hex, :nimble_parsec, "1.4.2", "8efba0122db06df95bfaa78f791344a89352ba04baedd3849593bfce4d0dc1c6", [:mix], [], "hexpm", "4b21398942dda052b403bbe1da991ccd03a053668d147d53fb8c4e0efe09c973"},
  "nimble_pool": {:hex, :nimble_pool, "1.1.0", "bf9c29fbdcba3564a8b800d1eeb5a3c58f36e1e11d7b7fb2e084a643f645f06b", [:mix], [], "hexpm", "af2e4e6b34197db81f7aad230c1118eac993acc0dae6bc83bac0126d4ae0813a"},
  "numbers": {:hex, :numbers, "5.2.5", "47189ba1c0e634f851a76281a2bb7be1914c48498eb1289d16cd50b6c713b436", [:mix], [{:coerce, "~> 1.0.2", [hex: :coerce, repo: "hexpm", optional: false]}, {:decimal, "~> 3.0", [hex: :decimal, repo: "hexpm", optional: true]}], "hexpm", "724563c5b9ed1adccea08b2938215a026aa4344d7506e6b9c75f60d8e2fc9463"},
  "qex": {:hex, :qex, "0.5.2", "a0c861a2de2380314c23ef592349824ca9016c5845380667ff1d9a22a8796f9b", [:mix], [], "hexpm", "6fb81bf3ae354a9abb471b9561538ea3e8540125d803b00f45cbccff52f00496"},
  "ratio": {:hex, :ratio, "4.0.1", "3044166f2fc6890aa53d3aef0c336f84b2bebb889dc57d5f95cc540daa1912f8", [:mix], [{:decimal, "~> 1.6 or ~> 2.0", [hex: :decimal, repo: "hexpm", optional: true]}, {:numbers, "~> 5.2.0", [hex: :numbers, repo: "hexpm", optional: false]}], "hexpm", "c60cbb3ccdff9ffa56e7d6d1654b5c70d9f90f4d753ab3a43a6bf40855b881ce"},
  "req": {:hex, :req, "0.7.3", "b141f1b465dabc5fb8ce67bd2f15a85fc80f6c75719910699560e32ce49f62ef", [:mix], [{:brotli, "~> 0.3.1", [hex: :brotli, repo: "hexpm", optional: true]}, {:finch, "~> 0.21", [hex: :finch, repo: "hexpm", optional: false]}, {:jason, "~> 1.0", [hex: :jason, repo: "hexpm", optional: false]}, {:mime, "~> 2.0.6 or ~> 2.1", [hex: :mime, repo: "hexpm", optional: false]}, {:nimble_csv, "~> 1.0", [hex: :nimble_csv, repo: "hexpm", optional: true]}, {:plug, "~> 1.0", [hex: :plug, repo: "hexpm", optional: true]}], "hexpm", "73b303030dccc2b6d023ee5ada380825ab3a7cd3863aead493db09ec420ffdf2"},
  "rustler": {:hex, :rustler, "0.38.0", "7a8906998ff0d28e3021c0a73264abcda719bda344b2e58307c6805b0f87c9b4", [:mix], [{:jason, "~> 1.0", [hex: :jason, repo: "hexpm", optional: false]}], "hexpm", "704c03c1bf66be12b031c5a389347b91c81c5cb819a24b068b0de36fe4a5652a"},
  "shmex": {:hex, :shmex, "0.5.2", "5e807c4ec0320fdd3b224d3f8052d501908217a066b67c0433f4cfa369a2b07c", [:mix], [{:bunch_native, "~> 0.5.0", [hex: :bunch_native, repo: "hexpm", optional: false]}, {:bundlex, "~> 1.0", [hex: :bundlex, repo: "hexpm", optional: false]}], "hexpm", "7325f40a7308fecaaab1b19790903034926e5fb202a48fcf51dfd2c4ba97f861"},
  "telemetry": {:hex, :telemetry, "1.4.2", "a0cb522801dffb1c49fe6e30561badffc7b6d0e180db1300df759faa22062855", [:rebar3], [], "hexpm", "928f6495066506077862c0d1646609eed891a4326bee3126ba54b60af61febb1"},
  "unifex": {:hex, :unifex, "1.2.5", "b557f7f6c2bfd0c451369a9a29323854674bfca9c60c44d4bccc669c4a28477c", [:mix], [{:bunch, "~> 1.0", [hex: :bunch, repo: "hexpm", optional: false]}, {:bundlex, "~> 1.4", [hex: :bundlex, repo: "hexpm", optional: false]}, {:shmex, "~> 0.5.0", [hex: :shmex, repo: "hexpm", optional: false]}], "hexpm", "7c8d473f8e2b43556d792179d9f6d56ff047c252288dc29a554b5a1e1404e528"},
  "zarex": {:hex, :zarex, "1.0.6", "f657ed1187e6e90472e24c92b1fd5bf3f846e74bd240bd77276c13f336a8d168", [:mix], [], "hexpm", "b628a9b0bc312f278af2c288078c31fd4757224b82d768e91bcf3bedbe3a50e7"},
}
